// !$*UTF8*$!
{
	archiveVersion = 1;
	classes = {
	};
	objectVersion = 50;
	objects = {

/* Begin PBXBuildFile section */
		A4F2A6242567460700D4183E /* AppDelegate.swift in Sources */ = {isa = PBXBuildFile; fileRef = A4F2A6232567460700D4183E /* AppDelegate.swift */; };
		A4F2A6262567460700D4183E /* SceneDelegate.swift in Sources */ = {isa = PBXBuildFile; fileRef = A4F2A6252567460700D4183E /* SceneDelegate.swift */; };
		A4F2A6282567460700D4183E /* ViewController.swift in Sources */ = {isa = PBXBuildFile; fileRef = A4F2A6272567460700D4183E /* ViewController.swift */; };
		A4F2A62B2567460700D4183E /* Main.storyboard in Resources */ = {isa = PBXBuildFile; fileRef = A4F2A6292567460700D4183E /* Main.storyboard */; };
		A4F2A62D2567460900D4183E /* Assets.xcassets in Resources */ = {isa = PBXBuildFile; fileRef = A4F2A62C2567460900D4183E /* Assets.xcassets */; };
		A4F2A6302567460900D4183E /* LaunchScreen.storyboard in Resources */ = {isa = PBXBuildFile; fileRef = A4F2A62E2567460900D4183E /* LaunchScreen.storyboard */; };
		A4F2A63B2567460A00D4183E /* iHubTests.swift in Sources */ = {isa = PBXBuildFile; fileRef = A4F2A63A2567460A00D4183E /* iHubTests.swift */; };
		A4F2A6462567460A00D4183E /* iHubUITests.swift in Sources */ = {isa = PBXBuildFile; fileRef = A4F2A6452567460A00D4183E /* iHubUITests.swift */; };
		A4F2A66225674B7700D4183E /* TesterTableViewCell.swift in Sources */ = {isa = PBXBuildFile; fileRef = A4F2A66125674B7700D4183E /* TesterTableViewCell.swift */; };
/* End PBXBuildFile section */

/* Begin PBXContainerItemProxy section */
		A4F2A6372567460A00D4183E /* PBXContainerItemProxy */ = {
			isa = PBXContainerItemProxy;
			containerPortal = A4F2A6182567460700D4183E /* Project object */;
			proxyType = 1;
			remoteGlobalIDString = A4F2A61F2567460700D4183E;
			remoteInfo = iHub;
		};
		A4F2A6422567460A00D4183E /* PBXContainerItemProxy */ = {
			isa = PBXContainerItemProxy;
			containerPortal = A4F2A6182567460700D4183E /* Project object */;
			proxyType = 1;
			remoteGlobalIDString = A4F2A61F2567460700D4183E;
			remoteInfo = iHub;
		};
/* End PBXContainerItemProxy section */

/* Begin PBXFileReference section */
		A4F2A6202567460700D4183E /* iHub.app */ = {isa = PBXFileReference; explicitFileType = wrapper.application; includeInIndex = 0; path = iHub.app; sourceTree = BUILT_PRODUCTS_DIR; };
		A4F2A6232567460700D4183E /* AppDelegate.swift */ = {isa = PBXFileReference; lastKnownFileType = sourcecode.swift; path = AppDelegate.swift; sourceTree = "<group>"; };
		A4F2A6252567460700D4183E /* SceneDelegate.swift */ = {isa = PBXFileReference; lastKnownFileType = sourcecode.swift; path = SceneDelegate.swift; sourceTree = "<group>"; };
		A4F2A6272567460700D4183E /* ViewController.swift */ = {isa = PBXFileReference; lastKnownFileType = sourcecode.swift; path = ViewController.swift; sourceTree = "<group>"; };
		A4F2A62A2567460700D4183E /* Base */ = {isa = PBXFileReference; lastKnownFileType = file.storyboard; name = Base; path = Base.lproj/Main.storyboard; sourceTree = "<group>"; };
		A4F2A62C2567460900D4183E /* Assets.xcassets */ = {isa = PBXFileReference; lastKnownFileType = folder.assetcatalog; path = Assets.xcassets; sourceTree = "<group>"; };
		A4F2A62F2567460900D4183E /* Base */ = {isa = PBXFileReference; lastKnownFileType = file.storyboard; name = Base; path = Base.lproj/LaunchScreen.storyboard; sourceTree = "<group>"; };
		A4F2A6312567460900D4183E /* Info.plist */ = {isa = PBXFileReference; lastKnownFileType = text.plist.xml; path = Info.plist; sourceTree = "<group>"; };
		A4F2A6362567460A00D4183E /* iHubTests.xctest */ = {isa = PBXFileReference; explicitFileType = wrapper.cfbundle; includeInIndex = 0; path = iHubTests.xctest; sourceTree = BUILT_PRODUCTS_DIR; };
		A4F2A63A2567460A00D4183E /* iHubTests.swift */ = {isa = PBXFileReference; lastKnownFileType = sourcecode.swift; path = iHubTests.swift; sourceTree = "<group>"; };
		A4F2A63C2567460A00D4183E /* Info.plist */ = {isa = PBXFileReference; lastKnownFileType = text.plist.xml; path = Info.plist; sourceTree = "<group>"; };
		A4F2A6412567460A00D4183E /* iHubUITests.xctest */ = {isa = PBXFileReference; explicitFileType = wrapper.cfbundle; includeInIndex = 0; path = iHubUITests.xctest; sourceTree = BUILT_PRODUCTS_DIR; };
		A4F2A6452567460A00D4183E /* iHubUITests.swift */ = {isa = PBXFileReference; lastKnownFileType = sourcecode.swift; path = iHubUITests.swift; sourceTree = "<group>"; };
		A4F2A6472567460A00D4183E /* Info.plist */ = {isa = PBXFileReference; lastKnownFileType = text.plist.xml; path = Info.plist; sourceTree = "<group>"; };
		A4F2A66125674B7700D4183E /* TesterTableViewCell.swift */ = {isa = PBXFileReference; lastKnownFileType = sourcecode.swift; path = TesterTableViewCell.swift; sourceTree = "<group>"; };
/* End PBXFileReference section */

/* Begin PBXFrameworksBuildPhase section */
		A4F2A61D2567460700D4183E /* Frameworks */ = {
			isa = PBXFrameworksBuildPhase;
			buildActionMask = 2147483647;
			files = (
			);
			runOnlyForDeploymentPostprocessing = 0;
		};
		A4F2A6332567460A00D4183E /* Frameworks */ = {
			isa = PBXFrameworksBuildPhase;
			buildActionMask = 2147483647;
			files = (
			);
			runOnlyForDeploymentPostprocessing = 0;
		};
		A4F2A63E2567460A00D4183E /* Frameworks */ = {
			isa = PBXFrameworksBuildPhase;
			buildActionMask = 2147483647;
			files = (
			);
			runOnlyForDeploymentPostprocessing = 0;
		};
/* End PBXFrameworksBuildPhase section */

/* Begin PBXGroup section */
		A4F2A6172567460700D4183E = {
			isa = PBXGroup;
			children = (
				A4F2A6222567460700D4183E /* iHub */,
				A4F2A6392567460A00D4183E /* iHubTests */,
				A4F2A6442567460A00D4183E /* iHubUITests */,
				A4F2A6212567460700D4183E /* Products */,
			);
			sourceTree = "<group>";
		};
		A4F2A6212567460700D4183E /* Products */ = {
			isa = PBXGroup;
			children = (
				A4F2A6202567460700D4183E /* iHub.app */,
				A4F2A6362567460A00D4183E /* iHubTests.xctest */,
				A4F2A6412567460A00D4183E /* iHubUITests.xctest */,
			);
			name = Products;
			sourceTree = "<group>";
		};
		A4F2A6222567460700D4183E /* iHub */ = {
			isa = PBXGroup;
			children = (
				A4F2A6232567460700D4183E /* AppDelegate.swift */,
				A4F2A6252567460700D4183E /* SceneDelegate.swift */,
				A4F2A6272567460700D4183E /* ViewController.swift */,
				A4F2A6292567460700D4183E /* Main.storyboard */,
				A4F2A62C2567460900D4183E /* Assets.xcassets */,
				A4F2A62E2567460900D4183E /* LaunchScreen.storyboard */,
				A4F2A6312567460900D4183E /* Info.plist */,
				A4F2A66125674B7700D4183E /* TesterTableViewCell.swift */,
			);
			path = iHub;
			sourceTree = "<group>";
		};
		A4F2A6392567460A00D4183E /* iHubTests */ = {
			isa = PBXGroup;
			children = (
				A4F2A63A2567460A00D4183E /* iHubTests.swift */,
				A4F2A63C2567460A00D4183E /* Info.plist */,
			);
			path = iHubTests;
			sourceTree = "<group>";
		};
		A4F2A6442567460A00D4183E /* iHubUITests */ = {
			isa = PBXGroup;
			children = (
				A4F2A6452567460A00D4183E /* iHubUITests.swift */,
				A4F2A6472567460A00D4183E /* Info.plist */,
			);
			path = iHubUITests;
			sourceTree = "<group>";
		};
/* End PBXGroup section */

/* Begin PBXNativeTarget section */
		A4F2A61F2567460700D4183E /* iHub */ = {
			isa = PBXNativeTarget;
			buildConfigurationList = A4F2A64A2567460A00D4183E /* Build configuration list for PBXNativeTarget "iHub" */;
			buildPhases = (
				A4F2A61C2567460700D4183E /* Sources */,
				A4F2A61D2567460700D4183E /* Frameworks */,
				A4F2A61E2567460700D4183E /* Resources */,
			);
			buildRules = (
			);
			dependencies = (
			);
			name = iHub;
			productName = iHub;
			productReference = A4F2A6202567460700D4183E /* iHub.app */;
			productType = "com.apple.product-type.application";
		};
		A4F2A6352567460A00D4183E /* iHubTests */ = {
			isa = PBXNativeTarget;
			buildConfigurationList = A4F2A64D2567460A00D4183E /* Build configuration list for PBXNativeTarget "iHubTests" */;
			buildPhases = (
				A4F2A6322567460A00D4183E /* Sources */,
				A4F2A6332567460A00D4183E /* Frameworks */,
				A4F2A6342567460A00D4183E /* Resources */,
			);
			buildRules = (
			);
			dependencies = (
				A4F2A6382567460A00D4183E /* PBXTargetDependency */,
			);
			name = iHubTests;
			productName = iHubTests;
			productReference = A4F2A6362567460A00D4183E /* iHubTests.xctest */;
			productType = "com.apple.product-type.bundle.unit-test";
		};
		A4F2A6402567460A00D4183E /* iHubUITests */ = {
			isa = PBXNativeTarget;
			buildConfigurationList = A4F2A6502567460A00D4183E /* Build configuration list for PBXNativeTarget "iHubUITests" */;
			buildPhases = (
				A4F2A63D2567460A00D4183E /* Sources */,
				A4F2A63E2567460A00D4183E /* Frameworks */,
				A4F2A63F2567460A00D4183E /* Resources */,
			);
			buildRules = (
			);
			dependencies = (
				A4F2A6432567460A00D4183E /* PBXTargetDependency */,
			);
			name = iHubUITests;
			productName = iHubUITests;
			productReference = A4F2A6412567460A00D4183E /* iHubUITests.xctest */;
			productType = "com.apple.product-type.bundle.ui-testing";
		};
/* End PBXNativeTarget section */

/* Begin PBXProject section */
		A4F2A6182567460700D4183E /* Project object */ = {
			isa = PBXProject;
			attributes = {
				LastSwiftUpdateCheck = 1220;
				LastUpgradeCheck = 1220;
				TargetAttributes = {
					A4F2A61F2567460700D4183E = {
						CreatedOnToolsVersion = 12.2;
					};
					A4F2A6352567460A00D4183E = {
						CreatedOnToolsVersion = 12.2;
						TestTargetID = A4F2A61F2567460700D4183E;
					};
					A4F2A6402567460A00D4183E = {
						CreatedOnToolsVersion = 12.2;
						TestTargetID = A4F2A61F2567460700D4183E;
					};
				};
			};
			buildConfigurationList = A4F2A61B2567460700D4183E /* Build configuration list for PBXProject "iHub" */;
			compatibilityVersion = "Xcode 9.3";
			developmentRegion = en;
			hasScannedForEncodings = 0;
			knownRegions = (
				en,
				Base,
			);
			mainGroup = A4F2A6172567460700D4183E;
			productRefGroup = A4F2A6212567460700D4183E /* Products */;
			projectDirPath = "";
			projectRoot = "";
			targets = (
				A4F2A61F2567460700D4183E /* iHub */,
				A4F2A6352567460A00D4183E /* iHubTests */,
				A4F2A6402567460A00D4183E /* iHubUITests */,
			);
		};
/* End PBXProject section */

/* Begin PBXResourcesBuildPhase section */
		A4F2A61E2567460700D4183E /* Resources */ = {
			isa = PBXResourcesBuildPhase;
			buildActionMask = 2147483647;
			files = (
				A4F2A6302567460900D4183E /* LaunchScreen.storyboard in Resources */,
				A4F2A62D2567460900D4183E /* Assets.xcassets in Resources */,
				A4F2A62B2567460700D4183E /* Main.storyboard in Resources */,
			);
			runOnlyForDeploymentPostprocessing = 0;
		};
		A4F2A6342567460A00D4183E /* Resources */ = {
			isa = PBXResourcesBuildPhase;
			buildActionMask = 2147483647;
			files = (
			);
			runOnlyForDeploymentPostprocessing = 0;
		};
		A4F2A63F2567460A00D4183E /* Resources */ = {
			isa = PBXResourcesBuildPhase;
			buildActionMask = 2147483647;
			files = (
			);
			runOnlyForDeploymentPostprocessing = 0;
		};
/* End PBXResourcesBuildPhase section */

/* Begin PBXSourcesBuildPhase section */
		A4F2A61C2567460700D4183E /* Sources */ = {
			isa = PBXSourcesBuildPhase;
			buildActionMask = 2147483647;
			files = (
				A4F2A6282567460700D4183E /* ViewController.swift in Sources */,
				A4F2A6242567460700D4183E /* AppDelegate.swift in Sources */,
				A4F2A66225674B7700D4183E /* TesterTableViewCell.swift in Sources */,
				A4F2A6262567460700D4183E /* SceneDelegate.swift in Sources */,
			);
			runOnlyForDeploymentPostprocessing = 0;
		};
		A4F2A6322567460A00D4183E /* Sources */ = {
			isa = PBXSourcesBuildPhase;
			buildActionMask = 2147483647;
			files = (
				A4F2A63B2567460A00D4183E /* iHubTests.swift in Sources */,
			);
			runOnlyForDeploymentPostprocessing = 0;
		};
		A4F2A63D2567460A00D4183E /* Sources */ = {
			isa = PBXSourcesBuildPhase;
			buildActionMask = 2147483647;
			files = (
				A4F2A6462567460A00D4183E /* iHubUITests.swift in Sources */,
			);
			runOnlyForDeploymentPostprocessing = 0;
		};
/* End PBXSourcesBuildPhase section */

/* Begin PBXTargetDependency section */
		A4F2A6382567460A00D4183E /* PBXTargetDependency */ = {
			isa = PBXTargetDependency;
			target = A4F2A61F2567460700D4183E /* iHub */;
			targetProxy = A4F2A6372567460A00D4183E /* PBXContainerItemProxy */;
		};
		A4F2A6432567460A00D4183E /* PBXTargetDependency */ = {
			isa = PBXTargetDependency;
			target = A4F2A61F2567460700D4183E /* iHub */;
			targetProxy = A4F2A6422567460A00D4183E /* PBXContainerItemProxy */;
		};
/* End PBXTargetDependency section */

/* Begin PBXVariantGroup section */
		A4F2A6292567460700D4183E /* Main.storyboard */ = {
			isa = PBXVariantGroup;
			children = (
				A4F2A62A2567460700D4183E /* Base */,
			);
			name = Main.storyboard;
			sourceTree = "<group>";
		};
		A4F2A62E2567460900D4183E /* LaunchScreen.storyboard */ = {
			isa = PBXVariantGroup;
			children = (
				A4F2A62F2567460900D4183E /* Base */,
			);
			name = LaunchScreen.storyboard;
			sourceTree = "<group>";
		};
/* End PBXVariantGroup section */

/* Begin XCBuildConfiguration section */
		A4F2A6482567460A00D4183E /* Debug */ = {
			isa = XCBuildConfiguration;
			buildSettings = {
				ALWAYS_SEARCH_USER_PATHS = NO;
				CLANG_ANALYZER_NONNULL = YES;
				CLANG_ANALYZER_NUMBER_OBJECT_CONVERSION = YES_AGGRESSIVE;
				CLANG_CXX_LANGUAGE_STANDARD = "gnu++14";
				CLANG_CXX_LIBRARY = "libc++";
				CLANG_ENABLE_MODULES = YES;
				CLANG_ENABLE_OBJC_ARC = YES;
				CLANG_ENABLE_OBJC_WEAK = YES;
				CLANG_WARN_BLOCK_CAPTURE_AUTORELEASING = YES;
				CLANG_WARN_BOOL_CONVERSION = YES;
				CLANG_WARN_COMMA = YES;
				CLANG_WARN_CONSTANT_CONVERSION = YES;
				CLANG_WARN_DEPRECATED_OBJC_IMPLEMENTATIONS = YES;
				CLANG_WARN_DIRECT_OBJC_ISA_USAGE = YES_ERROR;
				CLANG_WARN_DOCUMENTATION_COMMENTS = YES;
				CLANG_WARN_EMPTY_BODY = YES;
				CLANG_WARN_ENUM_CONVERSION = YES;
				CLANG_WARN_INFINITE_RECURSION = YES;
				CLANG_WARN_INT_CONVERSION = YES;
				CLANG_WARN_NON_LITERAL_NULL_CONVERSION = YES;
				CLANG_WARN_OBJC_IMPLICIT_RETAIN_SELF = YES;
				CLANG_WARN_OBJC_LITERAL_CONVERSION = YES;
				CLANG_WARN_OBJC_ROOT_CLASS = YES_ERROR;
				CLANG_WARN_QUOTED_INCLUDE_IN_FRAMEWORK_HEADER = YES;
				CLANG_WARN_RANGE_LOOP_ANALYSIS = YES;
				CLANG_WARN_STRICT_PROTOTYPES = YES;
				CLANG_WARN_SUSPICIOUS_MOVE = YES;
				CLANG_WARN_UNGUARDED_AVAILABILITY = YES_AGGRESSIVE;
				CLANG_WARN_UNREACHABLE_CODE = YES;
				CLANG_WARN__DUPLICATE_METHOD_MATCH = YES;
				COPY_PHASE_STRIP = NO;
				DEBUG_INFORMATION_FORMAT = dwarf;
				ENABLE_STRICT_OBJC_MSGSEND = YES;
				ENABLE_TESTABILITY = YES;
				GCC_C_LANGUAGE_STANDARD = gnu11;
				GCC_DYNAMIC_NO_PIC = NO;
				GCC_NO_COMMON_BLOCKS = YES;
				GCC_OPTIMIZATION_LEVEL = 0;
				GCC_PREPROCESSOR_DEFINITIONS = (
					"DEBUG=1",
					"$(inherited)",
				);
				GCC_WARN_64_TO_32_BIT_CONVERSION = YES;
				GCC_WARN_ABOUT_RETURN_TYPE = YES_ERROR;
				GCC_WARN_UNDECLARED_SELECTOR = YES;
				GCC_WARN_UNINITIALIZED_AUTOS = YES_AGGRESSIVE;
				GCC_WARN_UNUSED_FUNCTION = YES;
				GCC_WARN_UNUSED_VARIABLE = YES;
				IPHONEOS_DEPLOYMENT_TARGET = 14.2;
				MTL_ENABLE_DEBUG_INFO = INCLUDE_SOURCE;
				MTL_FAST_MATH = YES;
				ONLY_ACTIVE_ARCH = YES;
				SDKROOT = iphoneos;
				SWIFT_ACTIVE_COMPILATION_CONDITIONS = DEBUG;
				SWIFT_OPTIMIZATION_LEVEL = "-Onone";
			};
			name = Debug;
		};
		A4F2A6492567460A00D4183E /* Release */ = {
			isa = XCBuildConfiguration;
			buildSettings = {
				ALWAYS_SEARCH_USER_PATHS = NO;
				CLANG_ANALYZER_NONNULL = YES;
				CLANG_ANALYZER_NUMBER_OBJECT_CONVERSION = YES_AGGRESSIVE;
				CLANG_CXX_LANGUAGE_STANDARD = "gnu++14";
				CLANG_CXX_LIBRARY = "libc++";
				CLANG_ENABLE_MODULES = YES;
				CLANG_ENABLE_OBJC_ARC = YES;
				CLANG_ENABLE_OBJC_WEAK = YES;
				CLANG_WARN_BLOCK_CAPTURE_AUTORELEASING = YES;
				CLANG_WARN_BOOL_CONVERSION = YES;
				CLANG_WARN_COMMA = YES;
				CLANG_WARN_CONSTANT_CONVERSION = YES;
				CLANG_WARN_DEPRECATED_OBJC_IMPLEMENTATIONS = YES;
				CLANG_WARN_DIRECT_OBJC_ISA_USAGE = YES_ERROR;
				CLANG_WARN_DOCUMENTATION_COMMENTS = YES;
				CLANG_WARN_EMPTY_BODY = YES;
				CLANG_WARN_ENUM_CONVERSION = YES;
				CLANG_WARN_INFINITE_RECURSION = YES;
				CLANG_WARN_INT_CONVERSION = YES;
				CLANG_WARN_NON_LITERAL_NULL_CONVERSION = YES;
				CLANG_WARN_OBJC_IMPLICIT_RETAIN_SELF = YES;
				CLANG_WARN_OBJC_LITERAL_CONVERSION = YES;
				CLANG_WARN_OBJC_ROOT_CLASS = YES_ERROR;
				CLANG_WARN_QUOTED_INCLUDE_IN_FRAMEWORK_HEADER = YES;
				CLANG_WARN_RANGE_LOOP_ANALYSIS = YES;
				CLANG_WARN_STRICT_PROTOTYPES = YES;
				CLANG_WARN_SUSPICIOUS_MOVE = YES;
				CLANG_WARN_UNGUARDED_AVAILABILITY = YES_AGGRESSIVE;
				CLANG_WARN_UNREACHABLE_CODE = YES;
				CLANG_WARN__DUPLICATE_METHOD_MATCH = YES;
				COPY_PHASE_STRIP = NO;
				DEBUG_INFORMATION_FORMAT = "dwarf-with-dsym";
				ENABLE_NS_ASSERTIONS = NO;
				ENABLE_STRICT_OBJC_MSGSEND = YES;
				GCC_C_LANGUAGE_STANDARD = gnu11;
				GCC_NO_COMMON_BLOCKS = YES;
				GCC_WARN_64_TO_32_BIT_CONVERSION = YES;
				GCC_WARN_ABOUT_RETURN_TYPE = YES_ERROR;
				GCC_WARN_UNDECLARED_SELECTOR = YES;
				GCC_WARN_UNINITIALIZED_AUTOS = YES_AGGRESSIVE;
				GCC_WARN_UNUSED_FUNCTION = YES;
				GCC_WARN_UNUSED_VARIABLE = YES;
				IPHONEOS_DEPLOYMENT_TARGET = 14.2;
				MTL_ENABLE_DEBUG_INFO = NO;
				MTL_FAST_MATH = YES;
				SDKROOT = iphoneos;
				SWIFT_COMPILATION_MODE = wholemodule;
				SWIFT_OPTIMIZATION_LEVEL = "-O";
				VALIDATE_PRODUCT = YES;
			};
			name = Release;
		};
		A4F2A64B2567460A00D4183E /* Debug */ = {
			isa = XCBuildConfiguration;
			buildSettings = {
				ASSETCATALOG_COMPILER_APPICON_NAME = AppIcon;
				ASSETCATALOG_COMPILER_GLOBAL_ACCENT_COLOR_NAME = AccentColor;
				CODE_SIGN_STYLE = Automatic;
				DEVELOPMENT_TEAM = 36674FT7M9;
				INFOPLIST_FILE = iHub/Info.plist;
				LD_RUNPATH_SEARCH_PATHS = (
					"$(inherited)",
					"@executable_path/Frameworks",
				);
				PRODUCT_BUNDLE_IDENTIFIER = com.CSUDHiOSTeam.iHub;
				PRODUCT_NAME = "$(TARGET_NAME)";
				SWIFT_VERSION = 5.0;
				TARGETED_DEVICE_FAMILY = "1,2";
			};
			name = Debug;
		};
		A4F2A64C2567460A00D4183E /* Release */ = {
			isa = XCBuildConfiguration;
			buildSettings = {
				ASSETCATALOG_COMPILER_APPICON_NAME = AppIcon;
				ASSETCATALOG_COMPILER_GLOBAL_ACCENT_COLOR_NAME = AccentColor;
				CODE_SIGN_STYLE = Automatic;
				DEVELOPMENT_TEAM = 36674FT7M9;
				INFOPLIST_FILE = iHub/Info.plist;
				LD_RUNPATH_SEARCH_PATHS = (
					"$(inherited)",
					"@executable_path/Frameworks",
				);
				PRODUCT_BUNDLE_IDENTIFIER = com.CSUDHiOSTeam.iHub;
				PRODUCT_NAME = "$(TARGET_NAME)";
				SWIFT_VERSION = 5.0;
				TARGETED_DEVICE_FAMILY = "1,2";
			};
			name = Release;
		};
		A4F2A64E2567460A00D4183E /* Debug */ = {
			isa = XCBuildConfiguration;
			buildSettings = {
				ALWAYS_EMBED_SWIFT_STANDARD_LIBRARIES = YES;
				BUNDLE_LOADER = "$(TEST_HOST)";
				CODE_SIGN_STYLE = Automatic;
				DEVELOPMENT_TEAM = 36674FT7M9;
				INFOPLIST_FILE = iHubTests/Info.plist;
				IPHONEOS_DEPLOYMENT_TARGET = 14.2;
				LD_RUNPATH_SEARCH_PATHS = (
					"$(inherited)",
					"@executable_path/Frameworks",
					"@loader_path/Frameworks",
				);
				PRODUCT_BUNDLE_IDENTIFIER = com.CSUDHiOSTeam.iHubTests;
				PRODUCT_NAME = "$(TARGET_NAME)";
				SWIFT_VERSION = 5.0;
				TARGETED_DEVICE_FAMILY = "1,2";
				TEST_HOST = "$(BUILT_PRODUCTS_DIR)/iHub.app/iHub";
			};
			name = Debug;
		};
		A4F2A64F2567460A00D4183E /* Release */ = {
			isa = XCBuildConfiguration;
			buildSettings = {
				ALWAYS_EMBED_SWIFT_STANDARD_LIBRARIES = YES;
				BUNDLE_LOADER = "$(TEST_HOST)";
				CODE_SIGN_STYLE = Automatic;
				DEVELOPMENT_TEAM = 36674FT7M9;
				INFOPLIST_FILE = iHubTests/Info.plist;
				IPHONEOS_DEPLOYMENT_TARGET = 14.2;
				LD_RUNPATH_SEARCH_PATHS = (
					"$(inherited)",
					"@executable_path/Frameworks",
					"@loader_path/Frameworks",
				);
				PRODUCT_BUNDLE_IDENTIFIER = com.CSUDHiOSTeam.iHubTests;
				PRODUCT_NAME = "$(TARGET_NAME)";
				SWIFT_VERSION = 5.0;
				TARGETED_DEVICE_FAMILY = "1,2";
				TEST_HOST = "$(BUILT_PRODUCTS_DIR)/iHub.app/iHub";
			};
			name = Release;
		};
		A4F2A6512567460A00D4183E /* Debug */ = {
			isa = XCBuildConfiguration;
			buildSettings = {
				ALWAYS_EMBED_SWIFT_STANDARD_LIBRARIES = YES;
				CODE_SIGN_STYLE = Automatic;
				DEVELOPMENT_TEAM = 36674FT7M9;
				INFOPLIST_FILE = iHubUITests/Info.plist;
				LD_RUNPATH_SEARCH_PATHS = (
					"$(inherited)",
					"@executable_path/Frameworks",
					"@loader_path/Frameworks",
				);
				PRODUCT_BUNDLE_IDENTIFIER = com.CSUDHiOSTeam.iHubUITests;
				PRODUCT_NAME = "$(TARGET_NAME)";
				SWIFT_VERSION = 5.0;
				TARGETED_DEVICE_FAMILY = "1,2";
				TEST_TARGET_NAME = iHub;
			};
			name = Debug;
		};
		A4F2A6522567460A00D4183E /* Release */ = {
			isa = XCBuildConfiguration;
			buildSettings = {
				ALWAYS_EMBED_SWIFT_STANDARD_LIBRARIES = YES;
				CODE_SIGN_STYLE = Automatic;
				DEVELOPMENT_TEAM = 36674FT7M9;
				INFOPLIST_FILE = iHubUITests/Info.plist;
				LD_RUNPATH_SEARCH_PATHS = (
					"$(inherited)",
					"@executable_path/Frameworks",
					"@loader_path/Frameworks",
				);
				PRODUCT_BUNDLE_IDENTIFIER = com.CSUDHiOSTeam.iHubUITests;
				PRODUCT_NAME = "$(TARGET_NAME)";
				SWIFT_VERSION = 5.0;
				TARGETED_DEVICE_FAMILY = "1,2";
				TEST_TARGET_NAME = iHub;
			};
			name = Release;
		};
/* End XCBuildConfiguration section */

/* Begin XCConfigurationList section */
		A4F2A61B2567460700D4183E /* Build configuration list for PBXProject "iHub" */ = {
			isa = XCConfigurationList;
			buildConfigurations = (
				A4F2A6482567460A00D4183E /* Debug */,
				A4F2A6492567460A00D4183E /* Release */,
			);
			defaultConfigurationIsVisible = 0;
			defaultConfigurationName = Release;
		};
		A4F2A64A2567460A00D4183E /* Build configuration list for PBXNativeTarget "iHub" */ = {
			isa = XCConfigurationList;
			buildConfigurations = (
				A4F2A64B2567460A00D4183E /* Debug */,
				A4F2A64C2567460A00D4183E /* Release */,
			);
			defaultConfigurationIsVisible = 0;
			defaultConfigurationName = Release;
		};
		A4F2A64D2567460A00D4183E /* Build configuration list for PBXNativeTarget "iHubTests" */ = {
			isa = XCConfigurationList;
			buildConfigurations = (
				A4F2A64E2567460A00D4183E /* Debug */,
				A4F2A64F2567460A00D4183E /* Release */,
			);
			defaultConfigurationIsVisible = 0;
			defaultConfigurationName = Release;
		};
		A4F2A6502567460A00D4183E /* Build configuration list for PBXNativeTarget "iHubUITests" */ = {
			isa = XCConfigurationList;
			buildConfigurations = (
				A4F2A6512567460A00D4183E /* Debug */,
				A4F2A6522567460A00D4183E /* Release */,
			);
			defaultConfigurationIsVisible = 0;
			defaultConfigurationName = Release;
		};
/* End XCConfigurationList section */
	};
	rootObject = A4F2A6182567460700D4183E /* Project object */;
}
